
Microsoft Visual Studio Solution File, Format Version 12.00
# Visual Studio Version 17
VisualStudioVersion = 17.8.34330.188
MinimumVisualStudioVersion = 10.0.40219.1
Project("{FAE04EC0-301F-11D3-BF4B-00C04F79EFBC}") = "NoteSecretary", "NoteSecretary\NoteSecretary.csproj", "{13C341DE-7AB0-42B3-B6EC-3FA87750EFD5}"
EndProject
Global
	GlobalSection(SolutionConfigurationPlatforms) = preSolution
		Debug|Any CPU = Debug|Any CPU
		Release|Any CPU = Release|Any CPU
	EndGlobalSection
	GlobalSection(ProjectConfigurationPlatforms) = postSolution
		{13C341DE-7AB0-42B3-B6EC-3FA87750EFD5}.Debug|Any CPU.ActiveCfg = Debug|Any CPU
		{13C341DE-7AB0-42B3-B6EC-3FA87750EFD5}.Debug|Any CPU.Build.0 = Debug|Any CPU
		{13C341DE-7AB0-42B3-B6EC-3FA87750EFD5}.Release|Any CPU.ActiveCfg = Release|Any CPU
		{13C341DE-7AB0-42B3-B6EC-3FA87750EFD5}.Release|Any CPU.Build.0 = Release|Any CPU
	EndGlobalSection
	GlobalSection(SolutionProperties) = preSolution
		HideSolutionNode = FALSE
	EndGlobalSection
	GlobalSection(ExtensibilityGlobals) = postSolution
		SolutionGuid = {DD19482E-6C1D-4D2A-B018-0D7609459292}
	EndGlobalSection
EndGlobal
